
Microsoft Visual Studio Solution File, Format Version 12.00
# Visual Studio Version 16
VisualStudioVersion = 16.0.31613.86
MinimumVisualStudioVersion = 10.0.40219.1
Project("{FAE04EC0-301F-11D3-BF4B-00C04F79EFBC}") = "lab10", "lab10.csproj", "{F16C1EB8-47EA-4F4E-B40D-D4C3A33B052C}"
EndProject
Global
	GlobalSection(SolutionConfigurationPlatforms) = preSolution
		Debug|Any CPU = Debug|Any CPU
		Release|Any CPU = Release|Any CPU
	EndGlobalSection
	GlobalSection(ProjectConfigurationPlatforms) = postSolution
		{F16C1EB8-47EA-4F4E-B40D-D4C3A33B052C}.Debug|Any CPU.ActiveCfg = Debug|Any CPU
		{F16C1EB8-47EA-4F4E-B40D-D4C3A33B052C}.Debug|Any CPU.Build.0 = Debug|Any CPU
		{F16C1EB8-47EA-4F4E-B40D-D4C3A33B052C}.Release|Any CPU.ActiveCfg = Release|Any CPU
		{F16C1EB8-47EA-4F4E-B40D-D4C3A33B052C}.Release|Any CPU.Build.0 = Release|Any CPU
	EndGlobalSection
	GlobalSection(SolutionProperties) = preSolution
		HideSolutionNode = FALSE
	EndGlobalSection
	GlobalSection(ExtensibilityGlobals) = postSolution
		SolutionGuid = {42522163-DCAC-4BE4-9C4E-BDE55EA126AE}
	EndGlobalSection
EndGlobal
